
Microsoft Visual Studio Solution File, Format Version 12.00
# Visual Studio Version 17
VisualStudioVersion = 17.14.37012.4 d17.14
MinimumVisualStudioVersion = 10.0.40219.1
Project("{FAE04EC0-301F-11D3-BF4B-00C04F79EFBC}") = "staticVariable", "staticVariable.csproj", "{8775C579-921A-4F2A-A68D-9B90F1F5F4E8}"
EndProject
Project("{FAE04EC0-301F-11D3-BF4B-00C04F79EFBC}") = "StaticMethods", "..\StaticMethods\StaticMethods.csproj", "{7EDF49D6-E525-4D1C-8D2F-E2EC0DE95581}"
EndProject
Project("{FAE04EC0-301F-11D3-BF4B-00C04F79EFBC}") = "StaticClass", "..\StaticClass\StaticClass.csproj", "{D22EBD23-56C0-4C52-81EF-3FF1F1837BF0}"
EndProject
Global
	GlobalSection(SolutionConfigurationPlatforms) = preSolution
		Debug|Any CPU = Debug|Any CPU
		Release|Any CPU = Release|Any CPU
	EndGlobalSection
	GlobalSection(ProjectConfigurationPlatforms) = postSolution
		{8775C579-921A-4F2A-A68D-9B90F1F5F4E8}.Debug|Any CPU.ActiveCfg = Debug|Any CPU
		{8775C579-921A-4F2A-A68D-9B90F1F5F4E8}.Debug|Any CPU.Build.0 = Debug|Any CPU
		{8775C579-921A-4F2A-A68D-9B90F1F5F4E8}.Release|Any CPU.ActiveCfg = Release|Any CPU
		{8775C579-921A-4F2A-A68D-9B90F1F5F4E8}.Release|Any CPU.Build.0 = Release|Any CPU
		{7EDF49D6-E525-4D1C-8D2F-E2EC0DE95581}.Debug|Any CPU.ActiveCfg = Debug|Any CPU
		{7EDF49D6-E525-4D1C-8D2F-E2EC0DE95581}.Debug|Any CPU.Build.0 = Debug|Any CPU
		{7EDF49D6-E525-4D1C-8D2F-E2EC0DE95581}.Release|Any CPU.ActiveCfg = Release|Any CPU
		{7EDF49D6-E525-4D1C-8D2F-E2EC0DE95581}.Release|Any CPU.Build.0 = Release|Any CPU
		{D22EBD23-56C0-4C52-81EF-3FF1F1837BF0}.Debug|Any CPU.ActiveCfg = Debug|Any CPU
		{D22EBD23-56C0-4C52-81EF-3FF1F1837BF0}.Debug|Any CPU.Build.0 = Debug|Any CPU
		{D22EBD23-56C0-4C52-81EF-3FF1F1837BF0}.Release|Any CPU.ActiveCfg = Release|Any CPU
		{D22EBD23-56C0-4C52-81EF-3FF1F1837BF0}.Release|Any CPU.Build.0 = Release|Any CPU
	EndGlobalSection
	GlobalSection(SolutionProperties) = preSolution
		HideSolutionNode = FALSE
	EndGlobalSection
	GlobalSection(ExtensibilityGlobals) = postSolution
		SolutionGuid = {02C02DC3-92AC-427E-92E6-D47A9F829B7E}
	EndGlobalSection
EndGlobal
